
Microsoft Visual Studio Solution File, Format Version 12.00
# Visual Studio Version 16
VisualStudioVersion = 16.0.30611.23
MinimumVisualStudioVersion = 10.0.40219.1
Project("{FAE04EC0-301F-11D3-BF4B-00C04F79EFBC}") = "PI nach Wallis", "PI nach Wallis\PI nach Wallis.csproj", "{26F94E22-5344-4DBB-8CDB-7DF53FCF8FDA}"
EndProject
Global
	GlobalSection(SolutionConfigurationPlatforms) = preSolution
		Debug|Any CPU = Debug|Any CPU
		Release|Any CPU = Release|Any CPU
	EndGlobalSection
	GlobalSection(ProjectConfigurationPlatforms) = postSolution
		{26F94E22-5344-4DBB-8CDB-7DF53FCF8FDA}.Debug|Any CPU.ActiveCfg = Debug|Any CPU
		{26F94E22-5344-4DBB-8CDB-7DF53FCF8FDA}.Debug|Any CPU.Build.0 = Debug|Any CPU
		{26F94E22-5344-4DBB-8CDB-7DF53FCF8FDA}.Release|Any CPU.ActiveCfg = Release|Any CPU
		{26F94E22-5344-4DBB-8CDB-7DF53FCF8FDA}.Release|Any CPU.Build.0 = Release|Any CPU
	EndGlobalSection
	GlobalSection(SolutionProperties) = preSolution
		HideSolutionNode = FALSE
	EndGlobalSection
	GlobalSection(ExtensibilityGlobals) = postSolution
		SolutionGuid = {930676FC-40EB-475C-8678-45DD8EB63128}
	EndGlobalSection
EndGlobal
